// !$*UTF8*$!
{
	archiveVersion = 1;
	classes = {
	};
	objectVersion = 50;
	objects = {

/* Begin PBXBuildFile section */
		65A3488B26383D1200479BB2 /* AppDelegate.swift in Sources */ = {isa = PBXBuildFile; fileRef = 65A3488A26383D1200479BB2 /* AppDelegate.swift */; };
		65A3488D26383D1200479BB2 /* SceneDelegate.swift in Sources */ = {isa = PBXBuildFile; fileRef = 65A3488C26383D1200479BB2 /* SceneDelegate.swift */; };
		65A3488F26383D1200479BB2 /* ViewController.swift in Sources */ = {isa = PBXBuildFile; fileRef = 65A3488E26383D1200479BB2 /* ViewController.swift */; };
		65A3489226383D1200479BB2 /* Main.storyboard in Resources */ = {isa = PBXBuildFile; fileRef = 65A3489026383D1200479BB2 /* Main.storyboard */; };
		65A3489426383D1200479BB2 /* Assets.xcassets in Resources */ = {isa = PBXBuildFile; fileRef = 65A3489326383D1200479BB2 /* Assets.xcassets */; };
		65A3489726383D1200479BB2 /* LaunchScreen.storyboard in Resources */ = {isa = PBXBuildFile; fileRef = 65A3489526383D1200479BB2 /* LaunchScreen.storyboard */; };
		65A348A226383D1200479BB2 /* MonkTests.swift in Sources */ = {isa = PBXBuildFile; fileRef = 65A348A126383D1200479BB2 /* MonkTests.swift */; };
		65A348AD26383D1300479BB2 /* MonkUITests.swift in Sources */ = {isa = PBXBuildFile; fileRef = 65A348AC26383D1300479BB2 /* MonkUITests.swift */; };
/* End PBXBuildFile section */

/* Begin PBXContainerItemProxy section */
		65A3489E26383D1200479BB2 /* PBXContainerItemProxy */ = {
			isa = PBXContainerItemProxy;
			containerPortal = 65A3487F26383D1200479BB2 /* Project object */;
			proxyType = 1;
			remoteGlobalIDString = 65A3488626383D1200479BB2;
			remoteInfo = Monk;
		};
		65A348A926383D1300479BB2 /* PBXContainerItemProxy */ = {
			isa = PBXContainerItemProxy;
			containerPortal = 65A3487F26383D1200479BB2 /* Project object */;
			proxyType = 1;
			remoteGlobalIDString = 65A3488626383D1200479BB2;
			remoteInfo = Monk;
		};
/* End PBXContainerItemProxy section */

/* Begin PBXFileReference section */
		65A3488726383D1200479BB2 /* Monk.app */ = {isa = PBXFileReference; explicitFileType = wrapper.application; includeInIndex = 0; path = Monk.app; sourceTree = BUILT_PRODUCTS_DIR; };
		65A3488A26383D1200479BB2 /* AppDelegate.swift */ = {isa = PBXFileReference; lastKnownFileType = sourcecode.swift; path = AppDelegate.swift; sourceTree = "<group>"; };
		65A3488C26383D1200479BB2 /* SceneDelegate.swift */ = {isa = PBXFileReference; lastKnownFileType = sourcecode.swift; path = SceneDelegate.swift; sourceTree = "<group>"; };
		65A3488E26383D1200479BB2 /* ViewController.swift */ = {isa = PBXFileReference; lastKnownFileType = sourcecode.swift; path = ViewController.swift; sourceTree = "<group>"; };
		65A3489126383D1200479BB2 /* Base */ = {isa = PBXFileReference; lastKnownFileType = file.storyboard; name = Base; path = Base.lproj/Main.storyboard; sourceTree = "<group>"; };
		65A3489326383D1200479BB2 /* Assets.xcassets */ = {isa = PBXFileReference; lastKnownFileType = folder.assetcatalog; path = Assets.xcassets; sourceTree = "<group>"; };
		65A3489626383D1200479BB2 /* Base */ = {isa = PBXFileReference; lastKnownFileType = file.storyboard; name = Base; path = Base.lproj/LaunchScreen.storyboard; sourceTree = "<group>"; };
		65A3489826383D1200479BB2 /* Info.plist */ = {isa = PBXFileReference; lastKnownFileType = text.plist.xml; path = Info.plist; sourceTree = "<group>"; };
		65A3489D26383D1200479BB2 /* MonkTests.xctest */ = {isa = PBXFileReference; explicitFileType = wrapper.cfbundle; includeInIndex = 0; path = MonkTests.xctest; sourceTree = BUILT_PRODUCTS_DIR; };
		65A348A126383D1200479BB2 /* MonkTests.swift */ = {isa = PBXFileReference; lastKnownFileType = sourcecode.swift; path = MonkTests.swift; sourceTree = "<group>"; };
		65A348A326383D1200479BB2 /* Info.plist */ = {isa = PBXFileReference; lastKnownFileType = text.plist.xml; path = Info.plist; sourceTree = "<group>"; };
		65A348A826383D1300479BB2 /* MonkUITests.xctest */ = {isa = PBXFileReference; explicitFileType = wrapper.cfbundle; includeInIndex = 0; path = MonkUITests.xctest; sourceTree = BUILT_PRODUCTS_DIR; };
		65A348AC26383D1300479BB2 /* MonkUITests.swift */ = {isa = PBXFileReference; lastKnownFileType = sourcecode.swift; path = MonkUITests.swift; sourceTree = "<group>"; };
		65A348AE26383D1300479BB2 /* Info.plist */ = {isa = PBXFileReference; lastKnownFileType = text.plist.xml; path = Info.plist; sourceTree = "<group>"; };
/* End PBXFileReference section */

/* Begin PBXFrameworksBuildPhase section */
		65A3488426383D1200479BB2 /* Frameworks */ = {
			isa = PBXFrameworksBuildPhase;
			buildActionMask = 2147483647;
			files = (
			);
			runOnlyForDeploymentPostprocessing = 0;
		};
		65A3489A26383D1200479BB2 /* Frameworks */ = {
			isa = PBXFrameworksBuildPhase;
			buildActionMask = 2147483647;
			files = (
			);
			runOnlyForDeploymentPostprocessing = 0;
		};
		65A348A526383D1200479BB2 /* Frameworks */ = {
			isa = PBXFrameworksBuildPhase;
			buildActionMask = 2147483647;
			files = (
			);
			runOnlyForDeploymentPostprocessing = 0;
		};
/* End PBXFrameworksBuildPhase section */

/* Begin PBXGroup section */
		65A3487E26383D1200479BB2 = {
			isa = PBXGroup;
			children = (
				65A3488926383D1200479BB2 /* Monk */,
				65A348A026383D1200479BB2 /* MonkTests */,
				65A348AB26383D1300479BB2 /* MonkUITests */,
				65A3488826383D1200479BB2 /* Products */,
			);
			sourceTree = "<group>";
		};
		65A3488826383D1200479BB2 /* Products */ = {
			isa = PBXGroup;
			children = (
				65A3488726383D1200479BB2 /* Monk.app */,
				65A3489D26383D1200479BB2 /* MonkTests.xctest */,
				65A348A826383D1300479BB2 /* MonkUITests.xctest */,
			);
			name = Products;
			sourceTree = "<group>";
		};
		65A3488926383D1200479BB2 /* Monk */ = {
			isa = PBXGroup;
			children = (
				65A3488A26383D1200479BB2 /* AppDelegate.swift */,
				65A3488C26383D1200479BB2 /* SceneDelegate.swift */,
				65A3488E26383D1200479BB2 /* ViewController.swift */,
				65A3489026383D1200479BB2 /* Main.storyboard */,
				65A3489326383D1200479BB2 /* Assets.xcassets */,
				65A3489526383D1200479BB2 /* LaunchScreen.storyboard */,
				65A3489826383D1200479BB2 /* Info.plist */,
			);
			path = Monk;
			sourceTree = "<group>";
		};
		65A348A026383D1200479BB2 /* MonkTests */ = {
			isa = PBXGroup;
			children = (
				65A348A126383D1200479BB2 /* MonkTests.swift */,
				65A348A326383D1200479BB2 /* Info.plist */,
			);
			path = MonkTests;
			sourceTree = "<group>";
		};
		65A348AB26383D1300479BB2 /* MonkUITests */ = {
			isa = PBXGroup;
			children = (
				65A348AC26383D1300479BB2 /* MonkUITests.swift */,
				65A348AE26383D1300479BB2 /* Info.plist */,
			);
			path = MonkUITests;
			sourceTree = "<group>";
		};
/* End PBXGroup section */

/* Begin PBXNativeTarget section */
		65A3488626383D1200479BB2 /* Monk */ = {
			isa = PBXNativeTarget;
			buildConfigurationList = 65A348B126383D1300479BB2 /* Build configuration list for PBXNativeTarget "Monk" */;
			buildPhases = (
				65A3488326383D1200479BB2 /* Sources */,
				65A3488426383D1200479BB2 /* Frameworks */,
				65A3488526383D1200479BB2 /* Resources */,
			);
			buildRules = (
			);
			dependencies = (
			);
			name = Monk;
			productName = Monk;
			productReference = 65A3488726383D1200479BB2 /* Monk.app */;
			productType = "com.apple.product-type.application";
		};
		65A3489C26383D1200479BB2 /* MonkTests */ = {
			isa = PBXNativeTarget;
			buildConfigurationList = 65A348B426383D1300479BB2 /* Build configuration list for PBXNativeTarget "MonkTests" */;
			buildPhases = (
				65A3489926383D1200479BB2 /* Sources */,
				65A3489A26383D1200479BB2 /* Frameworks */,
				65A3489B26383D1200479BB2 /* Resources */,
			);
			buildRules = (
			);
			dependencies = (
				65A3489F26383D1200479BB2 /* PBXTargetDependency */,
			);
			name = MonkTests;
			productName = MonkTests;
			productReference = 65A3489D26383D1200479BB2 /* MonkTests.xctest */;
			productType = "com.apple.product-type.bundle.unit-test";
		};
		65A348A726383D1200479BB2 /* MonkUITests */ = {
			isa = PBXNativeTarget;
			buildConfigurationList = 65A348B726383D1300479BB2 /* Build configuration list for PBXNativeTarget "MonkUITests" */;
			buildPhases = (
				65A348A426383D1200479BB2 /* Sources */,
				65A348A526383D1200479BB2 /* Frameworks */,
				65A348A626383D1200479BB2 /* Resources */,
			);
			buildRules = (
			);
			dependencies = (
				65A348AA26383D1300479BB2 /* PBXTargetDependency */,
			);
			name = MonkUITests;
			productName = MonkUITests;
			productReference = 65A348A826383D1300479BB2 /* MonkUITests.xctest */;
			productType = "com.apple.product-type.bundle.ui-testing";
		};
/* End PBXNativeTarget section */

/* Begin PBXProject section */
		65A3487F26383D1200479BB2 /* Project object */ = {
			isa = PBXProject;
			attributes = {
				LastSwiftUpdateCheck = 1230;
				LastUpgradeCheck = 1230;
				TargetAttributes = {
					65A3488626383D1200479BB2 = {
						CreatedOnToolsVersion = 12.3;
					};
					65A3489C26383D1200479BB2 = {
						CreatedOnToolsVersion = 12.3;
						TestTargetID = 65A3488626383D1200479BB2;
					};
					65A348A726383D1200479BB2 = {
						CreatedOnToolsVersion = 12.3;
						TestTargetID = 65A3488626383D1200479BB2;
					};
				};
			};
			buildConfigurationList = 65A3488226383D1200479BB2 /* Build configuration list for PBXProject "Monk" */;
			compatibilityVersion = "Xcode 9.3";
			developmentRegion = en;
			hasScannedForEncodings = 0;
			knownRegions = (
				en,
				Base,
			);
			mainGroup = 65A3487E26383D1200479BB2;
			productRefGroup = 65A3488826383D1200479BB2 /* Products */;
			projectDirPath = "";
			projectRoot = "";
			targets = (
				65A3488626383D1200479BB2 /* Monk */,
				65A3489C26383D1200479BB2 /* MonkTests */,
				65A348A726383D1200479BB2 /* MonkUITests */,
			);
		};
/* End PBXProject section */

/* Begin PBXResourcesBuildPhase section */
		65A3488526383D1200479BB2 /* Resources */ = {
			isa = PBXResourcesBuildPhase;
			buildActionMask = 2147483647;
			files = (
				65A3489726383D1200479BB2 /* LaunchScreen.storyboard in Resources */,
				65A3489426383D1200479BB2 /* Assets.xcassets in Resources */,
				65A3489226383D1200479BB2 /* Main.storyboard in Resources */,
			);
			runOnlyForDeploymentPostprocessing = 0;
		};
		65A3489B26383D1200479BB2 /* Resources */ = {
			isa = PBXResourcesBuildPhase;
			buildActionMask = 2147483647;
			files = (
			);
			runOnlyForDeploymentPostprocessing = 0;
		};
		65A348A626383D1200479BB2 /* Resources */ = {
			isa = PBXResourcesBuildPhase;
			buildActionMask = 2147483647;
			files = (
			);
			runOnlyForDeploymentPostprocessing = 0;
		};
/* End PBXResourcesBuildPhase section */

/* Begin PBXSourcesBuildPhase section */
		65A3488326383D1200479BB2 /* Sources */ = {
			isa = PBXSourcesBuildPhase;
			buildActionMask = 2147483647;
			files = (
				65A3488F26383D1200479BB2 /* ViewController.swift in Sources */,
				65A3488B26383D1200479BB2 /* AppDelegate.swift in Sources */,
				65A3488D26383D1200479BB2 /* SceneDelegate.swift in Sources */,
			);
			runOnlyForDeploymentPostprocessing = 0;
		};
		65A3489926383D1200479BB2 /* Sources */ = {
			isa = PBXSourcesBuildPhase;
			buildActionMask = 2147483647;
			files = (
				65A348A226383D1200479BB2 /* MonkTests.swift in Sources */,
			);
			runOnlyForDeploymentPostprocessing = 0;
		};
		65A348A426383D1200479BB2 /* Sources */ = {
			isa = PBXSourcesBuildPhase;
			buildActionMask = 2147483647;
			files = (
				65A348AD26383D1300479BB2 /* MonkUITests.swift in Sources */,
			);
			runOnlyForDeploymentPostprocessing = 0;
		};
/* End PBXSourcesBuildPhase section */

/* Begin PBXTargetDependency section */
		65A3489F26383D1200479BB2 /* PBXTargetDependency */ = {
			isa = PBXTargetDependency;
			target = 65A3488626383D1200479BB2 /* Monk */;
			targetProxy = 65A3489E26383D1200479BB2 /* PBXContainerItemProxy */;
		};
		65A348AA26383D1300479BB2 /* PBXTargetDependency */ = {
			isa = PBXTargetDependency;
			target = 65A3488626383D1200479BB2 /* Monk */;
			targetProxy = 65A348A926383D1300479BB2 /* PBXContainerItemProxy */;
		};
/* End PBXTargetDependency section */

/* Begin PBXVariantGroup section */
		65A3489026383D1200479BB2 /* Main.storyboard */ = {
			isa = PBXVariantGroup;
			children = (
				65A3489126383D1200479BB2 /* Base */,
			);
			name = Main.storyboard;
			sourceTree = "<group>";
		};
		65A3489526383D1200479BB2 /* LaunchScreen.storyboard */ = {
			isa = PBXVariantGroup;
			children = (
				65A3489626383D1200479BB2 /* Base */,
			);
			name = LaunchScreen.storyboard;
			sourceTree = "<group>";
		};
/* End PBXVariantGroup section */

/* Begin XCBuildConfiguration section */
		65A348AF26383D1300479BB2 /* Debug */ = {
			isa = XCBuildConfiguration;
			buildSettings = {
				ALWAYS_SEARCH_USER_PATHS = NO;
				CLANG_ANALYZER_NONNULL = YES;
				CLANG_ANALYZER_NUMBER_OBJECT_CONVERSION = YES_AGGRESSIVE;
				CLANG_CXX_LANGUAGE_STANDARD = "gnu++14";
				CLANG_CXX_LIBRARY = "libc++";
				CLANG_ENABLE_MODULES = YES;
				CLANG_ENABLE_OBJC_ARC = YES;
				CLANG_ENABLE_OBJC_WEAK = YES;
				CLANG_WARN_BLOCK_CAPTURE_AUTORELEASING = YES;
				CLANG_WARN_BOOL_CONVERSION = YES;
				CLANG_WARN_COMMA = YES;
				CLANG_WARN_CONSTANT_CONVERSION = YES;
				CLANG_WARN_DEPRECATED_OBJC_IMPLEMENTATIONS = YES;
				CLANG_WARN_DIRECT_OBJC_ISA_USAGE = YES_ERROR;
				CLANG_WARN_DOCUMENTATION_COMMENTS = YES;
				CLANG_WARN_EMPTY_BODY = YES;
				CLANG_WARN_ENUM_CONVERSION = YES;
				CLANG_WARN_INFINITE_RECURSION = YES;
				CLANG_WARN_INT_CONVERSION = YES;
				CLANG_WARN_NON_LITERAL_NULL_CONVERSION = YES;
				CLANG_WARN_OBJC_IMPLICIT_RETAIN_SELF = YES;
				CLANG_WARN_OBJC_LITERAL_CONVERSION = YES;
				CLANG_WARN_OBJC_ROOT_CLASS = YES_ERROR;
				CLANG_WARN_QUOTED_INCLUDE_IN_FRAMEWORK_HEADER = YES;
				CLANG_WARN_RANGE_LOOP_ANALYSIS = YES;
				CLANG_WARN_STRICT_PROTOTYPES = YES;
				CLANG_WARN_SUSPICIOUS_MOVE = YES;
				CLANG_WARN_UNGUARDED_AVAILABILITY = YES_AGGRESSIVE;
				CLANG_WARN_UNREACHABLE_CODE = YES;
				CLANG_WARN__DUPLICATE_METHOD_MATCH = YES;
				COPY_PHASE_STRIP = NO;
				DEBUG_INFORMATION_FORMAT = dwarf;
				ENABLE_STRICT_OBJC_MSGSEND = YES;
				ENABLE_TESTABILITY = YES;
				GCC_C_LANGUAGE_STANDARD = gnu11;
				GCC_DYNAMIC_NO_PIC = NO;
				GCC_NO_COMMON_BLOCKS = YES;
				GCC_OPTIMIZATION_LEVEL = 0;
				GCC_PREPROCESSOR_DEFINITIONS = (
					"DEBUG=1",
					"$(inherited)",
				);
				GCC_WARN_64_TO_32_BIT_CONVERSION = YES;
				GCC_WARN_ABOUT_RETURN_TYPE = YES_ERROR;
				GCC_WARN_UNDECLARED_SELECTOR = YES;
				GCC_WARN_UNINITIALIZED_AUTOS = YES_AGGRESSIVE;
				GCC_WARN_UNUSED_FUNCTION = YES;
				GCC_WARN_UNUSED_VARIABLE = YES;
				IPHONEOS_DEPLOYMENT_TARGET = 14.3;
				MTL_ENABLE_DEBUG_INFO = INCLUDE_SOURCE;
				MTL_FAST_MATH = YES;
				ONLY_ACTIVE_ARCH = YES;
				SDKROOT = iphoneos;
				SWIFT_ACTIVE_COMPILATION_CONDITIONS = DEBUG;
				SWIFT_OPTIMIZATION_LEVEL = "-Onone";
			};
			name = Debug;
		};
		65A348B026383D1300479BB2 /* Release */ = {
			isa = XCBuildConfiguration;
			buildSettings = {
				ALWAYS_SEARCH_USER_PATHS = NO;
				CLANG_ANALYZER_NONNULL = YES;
				CLANG_ANALYZER_NUMBER_OBJECT_CONVERSION = YES_AGGRESSIVE;
				CLANG_CXX_LANGUAGE_STANDARD = "gnu++14";
				CLANG_CXX_LIBRARY = "libc++";
				CLANG_ENABLE_MODULES = YES;
				CLANG_ENABLE_OBJC_ARC = YES;
				CLANG_ENABLE_OBJC_WEAK = YES;
				CLANG_WARN_BLOCK_CAPTURE_AUTORELEASING = YES;
				CLANG_WARN_BOOL_CONVERSION = YES;
				CLANG_WARN_COMMA = YES;
				CLANG_WARN_CONSTANT_CONVERSION = YES;
				CLANG_WARN_DEPRECATED_OBJC_IMPLEMENTATIONS = YES;
				CLANG_WARN_DIRECT_OBJC_ISA_USAGE = YES_ERROR;
				CLANG_WARN_DOCUMENTATION_COMMENTS = YES;
				CLANG_WARN_EMPTY_BODY = YES;
				CLANG_WARN_ENUM_CONVERSION = YES;
				CLANG_WARN_INFINITE_RECURSION = YES;
				CLANG_WARN_INT_CONVERSION = YES;
				CLANG_WARN_NON_LITERAL_NULL_CONVERSION = YES;
				CLANG_WARN_OBJC_IMPLICIT_RETAIN_SELF = YES;
				CLANG_WARN_OBJC_LITERAL_CONVERSION = YES;
				CLANG_WARN_OBJC_ROOT_CLASS = YES_ERROR;
				CLANG_WARN_QUOTED_INCLUDE_IN_FRAMEWORK_HEADER = YES;
				CLANG_WARN_RANGE_LOOP_ANALYSIS = YES;
				CLANG_WARN_STRICT_PROTOTYPES = YES;
				CLANG_WARN_SUSPICIOUS_MOVE = YES;
				CLANG_WARN_UNGUARDED_AVAILABILITY = YES_AGGRESSIVE;
				CLANG_WARN_UNREACHABLE_CODE = YES;
				CLANG_WARN__DUPLICATE_METHOD_MATCH = YES;
				COPY_PHASE_STRIP = NO;
				DEBUG_INFORMATION_FORMAT = "dwarf-with-dsym";
				ENABLE_NS_ASSERTIONS = NO;
				ENABLE_STRICT_OBJC_MSGSEND = YES;
				GCC_C_LANGUAGE_STANDARD = gnu11;
				GCC_NO_COMMON_BLOCKS = YES;
				GCC_WARN_64_TO_32_BIT_CONVERSION = YES;
				GCC_WARN_ABOUT_RETURN_TYPE = YES_ERROR;
				GCC_WARN_UNDECLARED_SELECTOR = YES;
				GCC_WARN_UNINITIALIZED_AUTOS = YES_AGGRESSIVE;
				GCC_WARN_UNUSED_FUNCTION = YES;
				GCC_WARN_UNUSED_VARIABLE = YES;
				IPHONEOS_DEPLOYMENT_TARGET = 14.3;
				MTL_ENABLE_DEBUG_INFO = NO;
				MTL_FAST_MATH = YES;
				SDKROOT = iphoneos;
				SWIFT_COMPILATION_MODE = wholemodule;
				SWIFT_OPTIMIZATION_LEVEL = "-O";
				VALIDATE_PRODUCT = YES;
			};
			name = Release;
		};
		65A348B226383D1300479BB2 /* Debug */ = {
			isa = XCBuildConfiguration;
			buildSettings = {
				ASSETCATALOG_COMPILER_APPICON_NAME = AppIcon;
				ASSETCATALOG_COMPILER_GLOBAL_ACCENT_COLOR_NAME = AccentColor;
				CODE_SIGN_STYLE = Automatic;
				INFOPLIST_FILE = Monk/Info.plist;
				LD_RUNPATH_SEARCH_PATHS = (
					"$(inherited)",
					"@executable_path/Frameworks",
				);
				PRODUCT_BUNDLE_IDENTIFIER = com.vj.test.Monk;
				PRODUCT_NAME = "$(TARGET_NAME)";
				SWIFT_VERSION = 5.0;
				TARGETED_DEVICE_FAMILY = "1,2";
			};
			name = Debug;
		};
		65A348B326383D1300479BB2 /* Release */ = {
			isa = XCBuildConfiguration;
			buildSettings = {
				ASSETCATALOG_COMPILER_APPICON_NAME = AppIcon;
				ASSETCATALOG_COMPILER_GLOBAL_ACCENT_COLOR_NAME = AccentColor;
				CODE_SIGN_STYLE = Automatic;
				INFOPLIST_FILE = Monk/Info.plist;
				LD_RUNPATH_SEARCH_PATHS = (
					"$(inherited)",
					"@executable_path/Frameworks",
				);
				PRODUCT_BUNDLE_IDENTIFIER = com.vj.test.Monk;
				PRODUCT_NAME = "$(TARGET_NAME)";
				SWIFT_VERSION = 5.0;
				TARGETED_DEVICE_FAMILY = "1,2";
			};
			name = Release;
		};
		65A348B526383D1300479BB2 /* Debug */ = {
			isa = XCBuildConfiguration;
			buildSettings = {
				ALWAYS_EMBED_SWIFT_STANDARD_LIBRARIES = YES;
				BUNDLE_LOADER = "$(TEST_HOST)";
				CODE_SIGN_STYLE = Automatic;
				INFOPLIST_FILE = MonkTests/Info.plist;
				IPHONEOS_DEPLOYMENT_TARGET = 14.3;
				LD_RUNPATH_SEARCH_PATHS = (
					"$(inherited)",
					"@executable_path/Frameworks",
					"@loader_path/Frameworks",
				);
				PRODUCT_BUNDLE_IDENTIFIER = com.vj.test.MonkTests;
				PRODUCT_NAME = "$(TARGET_NAME)";
				SWIFT_VERSION = 5.0;
				TARGETED_DEVICE_FAMILY = "1,2";
				TEST_HOST = "$(BUILT_PRODUCTS_DIR)/Monk.app/Monk";
			};
			name = Debug;
		};
		65A348B626383D1300479BB2 /* Release */ = {
			isa = XCBuildConfiguration;
			buildSettings = {
				ALWAYS_EMBED_SWIFT_STANDARD_LIBRARIES = YES;
				BUNDLE_LOADER = "$(TEST_HOST)";
				CODE_SIGN_STYLE = Automatic;
				INFOPLIST_FILE = MonkTests/Info.plist;
				IPHONEOS_DEPLOYMENT_TARGET = 14.3;
				LD_RUNPATH_SEARCH_PATHS = (
					"$(inherited)",
					"@executable_path/Frameworks",
					"@loader_path/Frameworks",
				);
				PRODUCT_BUNDLE_IDENTIFIER = com.vj.test.MonkTests;
				PRODUCT_NAME = "$(TARGET_NAME)";
				SWIFT_VERSION = 5.0;
				TARGETED_DEVICE_FAMILY = "1,2";
				TEST_HOST = "$(BUILT_PRODUCTS_DIR)/Monk.app/Monk";
			};
			name = Release;
		};
		65A348B826383D1300479BB2 /* Debug */ = {
			isa = XCBuildConfiguration;
			buildSettings = {
				ALWAYS_EMBED_SWIFT_STANDARD_LIBRARIES = YES;
				CODE_SIGN_STYLE = Automatic;
				INFOPLIST_FILE = MonkUITests/Info.plist;
				LD_RUNPATH_SEARCH_PATHS = (
					"$(inherited)",
					"@executable_path/Frameworks",
					"@loader_path/Frameworks",
				);
				PRODUCT_BUNDLE_IDENTIFIER = com.vj.test.MonkUITests;
				PRODUCT_NAME = "$(TARGET_NAME)";
				SWIFT_VERSION = 5.0;
				TARGETED_DEVICE_FAMILY = "1,2";
				TEST_TARGET_NAME = Monk;
			};
			name = Debug;
		};
		65A348B926383D1300479BB2 /* Release */ = {
			isa = XCBuildConfiguration;
			buildSettings = {
				ALWAYS_EMBED_SWIFT_STANDARD_LIBRARIES = YES;
				CODE_SIGN_STYLE = Automatic;
				INFOPLIST_FILE = MonkUITests/Info.plist;
				LD_RUNPATH_SEARCH_PATHS = (
					"$(inherited)",
					"@executable_path/Frameworks",
					"@loader_path/Frameworks",
				);
				PRODUCT_BUNDLE_IDENTIFIER = com.vj.test.MonkUITests;
				PRODUCT_NAME = "$(TARGET_NAME)";
				SWIFT_VERSION = 5.0;
				TARGETED_DEVICE_FAMILY = "1,2";
				TEST_TARGET_NAME = Monk;
			};
			name = Release;
		};
/* End XCBuildConfiguration section */

/* Begin XCConfigurationList section */
		65A3488226383D1200479BB2 /* Build configuration list for PBXProject "Monk" */ = {
			isa = XCConfigurationList;
			buildConfigurations = (
				65A348AF26383D1300479BB2 /* Debug */,
				65A348B026383D1300479BB2 /* Release */,
			);
			defaultConfigurationIsVisible = 0;
			defaultConfigurationName = Release;
		};
		65A348B126383D1300479BB2 /* Build configuration list for PBXNativeTarget "Monk" */ = {
			isa = XCConfigurationList;
			buildConfigurations = (
				65A348B226383D1300479BB2 /* Debug */,
				65A348B326383D1300479BB2 /* Release */,
			);
			defaultConfigurationIsVisible = 0;
			defaultConfigurationName = Release;
		};
		65A348B426383D1300479BB2 /* Build configuration list for PBXNativeTarget "MonkTests" */ = {
			isa = XCConfigurationList;
			buildConfigurations = (
				65A348B526383D1300479BB2 /* Debug */,
				65A348B626383D1300479BB2 /* Release */,
			);
			defaultConfigurationIsVisible = 0;
			defaultConfigurationName = Release;
		};
		65A348B726383D1300479BB2 /* Build configuration list for PBXNativeTarget "MonkUITests" */ = {
			isa = XCConfigurationList;
			buildConfigurations = (
				65A348B826383D1300479BB2 /* Debug */,
				65A348B926383D1300479BB2 /* Release */,
			);
			defaultConfigurationIsVisible = 0;
			defaultConfigurationName = Release;
		};
/* End XCConfigurationList section */
	};
	rootObject = 65A3487F26383D1200479BB2 /* Project object */;
}
